
Microsoft Visual Studio Solution File, Format Version 12.00
# Visual Studio 15
Project("{FAE04EC0-301F-11D3-BF4B-00C04F79EFBC}") = "FayvitCommandReaderSpace", "FayvitCommandReaderSpace.csproj", "{E79AA5A8-146B-8CFA-162D-BBEE6C74DF20}"
EndProject
Project("{FAE04EC0-301F-11D3-BF4B-00C04F79EFBC}") = "Assembly-CSharp", "Assembly-CSharp.csproj", "{189A8B4B-E31C-405F-43BC-33F9A38B1E71}"
EndProject
Project("{FAE04EC0-301F-11D3-BF4B-00C04F79EFBC}") = "CriaturesBase", "CriaturesBase.csproj", "{5195D01B-385D-F6E8-021C-583CDFE73F43}"
EndProject
Project("{FAE04EC0-301F-11D3-BF4B-00C04F79EFBC}") = "CustomizationSpace", "CustomizationSpace.csproj", "{7CFE7042-4C7C-5F7B-AD88-5DC612880481}"
EndProject
Project("{FAE04EC0-301F-11D3-BF4B-00C04F79EFBC}") = "FayvitCam", "FayvitCam.csproj", "{3AA227B6-5B38-FDD0-B7BC-91AA3DD113DE}"
EndProject
Project("{FAE04EC0-301F-11D3-BF4B-00C04F79EFBC}") = "ActivateElements", "ActivateElements.csproj", "{0B163EAB-5033-998A-DD54-8E75E0F80100}"
EndProject
Project("{FAE04EC0-301F-11D3-BF4B-00C04F79EFBC}") = "FayvitGameTools", "FayvitGameTools.csproj", "{1BABE418-6114-B37B-053E-AD6CF93A723E}"
EndProject
Project("{FAE04EC0-301F-11D3-BF4B-00C04F79EFBC}") = "FSP.MAST.Scripts", "FSP.MAST.Scripts.csproj", "{7A4095F4-10A3-D543-5894-E55889208D18}"
EndProject
Project("{FAE04EC0-301F-11D3-BF4B-00C04F79EFBC}") = "TextBankSpace", "TextBankSpace.csproj", "{33859320-1D0D-F736-81A2-E0A159ED45EF}"
EndProject
Project("{FAE04EC0-301F-11D3-BF4B-00C04F79EFBC}") = "LightningBolt", "LightningBolt.csproj", "{7590473A-E146-0401-48E3-8EEA7DF85038}"
EndProject
Project("{FAE04EC0-301F-11D3-BF4B-00C04F79EFBC}") = "FayvitUI", "FayvitUI.csproj", "{B4A0D650-9344-2181-2486-F0085C689D5E}"
EndProject
Project("{FAE04EC0-301F-11D3-BF4B-00C04F79EFBC}") = "FayvitMove", "FayvitMove.csproj", "{651E2E8D-8F72-E486-6ADF-9FA30262747E}"
EndProject
Project("{FAE04EC0-301F-11D3-BF4B-00C04F79EFBC}") = "GameJoltRuntime", "GameJoltRuntime.csproj", "{AE4F52E3-46EC-A107-505B-413B026ABA16}"
EndProject
Project("{FAE04EC0-301F-11D3-BF4B-00C04F79EFBC}") = "FayvitSimpleGameTools", "FayvitSimpleGameTools.csproj", "{AA2CCE28-0BC7-8F30-8EAB-605AD8E988C2}"
EndProject
Project("{FAE04EC0-301F-11D3-BF4B-00C04F79EFBC}") = "FayvitBase", "FayvitBase.csproj", "{5E330F37-9138-193A-E022-0A1356721A0A}"
EndProject
Project("{FAE04EC0-301F-11D3-BF4B-00C04F79EFBC}") = "FayvitBasicTools", "FayvitBasicTools.csproj", "{5E60CA05-7413-10AE-345D-75F3F65142D1}"
EndProject
Project("{FAE04EC0-301F-11D3-BF4B-00C04F79EFBC}") = "BasicEvents", "BasicEvents.csproj", "{3C304215-9CD8-6DC4-E007-A70D86BD298C}"
EndProject
Project("{FAE04EC0-301F-11D3-BF4B-00C04F79EFBC}") = "BasicCriatures", "BasicCriatures.csproj", "{C83D8325-0C56-0661-4D89-91C0A00A40D3}"
EndProject
Project("{FAE04EC0-301F-11D3-BF4B-00C04F79EFBC}") = "GameJoltDemos", "GameJoltDemos.csproj", "{9113EDE1-E2B9-FAE0-A483-844FA3E6E8BE}"
EndProject
Project("{FAE04EC0-301F-11D3-BF4B-00C04F79EFBC}") = "FayvitSounds", "FayvitSounds.csproj", "{91A02F3C-3725-CDC9-514E-B8BF0DA9CF0C}"
EndProject
Project("{FAE04EC0-301F-11D3-BF4B-00C04F79EFBC}") = "GameJoltEditor", "GameJoltEditor.csproj", "{2DF357FA-A291-E7CC-4651-FC3A6D264C5B}"
EndProject
Global
	GlobalSection(SolutionConfigurationPlatforms) = preSolution
		Debug|Any CPU = Debug|Any CPU
		Release|Any CPU = Release|Any CPU
	EndGlobalSection
	GlobalSection(ProjectConfigurationPlatforms) = postSolution
		{E79AA5A8-146B-8CFA-162D-BBEE6C74DF20}.Debug|Any CPU.ActiveCfg = Debug|Any CPU
		{E79AA5A8-146B-8CFA-162D-BBEE6C74DF20}.Debug|Any CPU.Build.0 = Debug|Any CPU
		{E79AA5A8-146B-8CFA-162D-BBEE6C74DF20}.Release|Any CPU.ActiveCfg = Release|Any CPU
		{E79AA5A8-146B-8CFA-162D-BBEE6C74DF20}.Release|Any CPU.Build.0 = Release|Any CPU
		{189A8B4B-E31C-405F-43BC-33F9A38B1E71}.Debug|Any CPU.ActiveCfg = Debug|Any CPU
		{189A8B4B-E31C-405F-43BC-33F9A38B1E71}.Debug|Any CPU.Build.0 = Debug|Any CPU
		{189A8B4B-E31C-405F-43BC-33F9A38B1E71}.Release|Any CPU.ActiveCfg = Release|Any CPU
		{189A8B4B-E31C-405F-43BC-33F9A38B1E71}.Release|Any CPU.Build.0 = Release|Any CPU
		{5195D01B-385D-F6E8-021C-583CDFE73F43}.Debug|Any CPU.ActiveCfg = Debug|Any CPU
		{5195D01B-385D-F6E8-021C-583CDFE73F43}.Debug|Any CPU.Build.0 = Debug|Any CPU
		{5195D01B-385D-F6E8-021C-583CDFE73F43}.Release|Any CPU.ActiveCfg = Release|Any CPU
		{5195D01B-385D-F6E8-021C-583CDFE73F43}.Release|Any CPU.Build.0 = Release|Any CPU
		{7CFE7042-4C7C-5F7B-AD88-5DC612880481}.Debug|Any CPU.ActiveCfg = Debug|Any CPU
		{7CFE7042-4C7C-5F7B-AD88-5DC612880481}.Debug|Any CPU.Build.0 = Debug|Any CPU
		{7CFE7042-4C7C-5F7B-AD88-5DC612880481}.Release|Any CPU.ActiveCfg = Release|Any CPU
		{7CFE7042-4C7C-5F7B-AD88-5DC612880481}.Release|Any CPU.Build.0 = Release|Any CPU
		{3AA227B6-5B38-FDD0-B7BC-91AA3DD113DE}.Debug|Any CPU.ActiveCfg = Debug|Any CPU
		{3AA227B6-5B38-FDD0-B7BC-91AA3DD113DE}.Debug|Any CPU.Build.0 = Debug|Any CPU
		{3AA227B6-5B38-FDD0-B7BC-91AA3DD113DE}.Release|Any CPU.ActiveCfg = Release|Any CPU
		{3AA227B6-5B38-FDD0-B7BC-91AA3DD113DE}.Release|Any CPU.Build.0 = Release|Any CPU
		{0B163EAB-5033-998A-DD54-8E75E0F80100}.Debug|Any CPU.ActiveCfg = Debug|Any CPU
		{0B163EAB-5033-998A-DD54-8E75E0F80100}.Debug|Any CPU.Build.0 = Debug|Any CPU
		{0B163EAB-5033-998A-DD54-8E75E0F80100}.Release|Any CPU.ActiveCfg = Release|Any CPU
		{0B163EAB-5033-998A-DD54-8E75E0F80100}.Release|Any CPU.Build.0 = Release|Any CPU
		{1BABE418-6114-B37B-053E-AD6CF93A723E}.Debug|Any CPU.ActiveCfg = Debug|Any CPU
		{1BABE418-6114-B37B-053E-AD6CF93A723E}.Debug|Any CPU.Build.0 = Debug|Any CPU
		{1BABE418-6114-B37B-053E-AD6CF93A723E}.Release|Any CPU.ActiveCfg = Release|Any CPU
		{1BABE418-6114-B37B-053E-AD6CF93A723E}.Release|Any CPU.Build.0 = Release|Any CPU
		{7A4095F4-10A3-D543-5894-E55889208D18}.Debug|Any CPU.ActiveCfg = Debug|Any CPU
		{7A4095F4-10A3-D543-5894-E55889208D18}.Debug|Any CPU.Build.0 = Debug|Any CPU
		{7A4095F4-10A3-D543-5894-E55889208D18}.Release|Any CPU.ActiveCfg = Release|Any CPU
		{7A4095F4-10A3-D543-5894-E55889208D18}.Release|Any CPU.Build.0 = Release|Any CPU
		{33859320-1D0D-F736-81A2-E0A159ED45EF}.Debug|Any CPU.ActiveCfg = Debug|Any CPU
		{33859320-1D0D-F736-81A2-E0A159ED45EF}.Debug|Any CPU.Build.0 = Debug|Any CPU
		{33859320-1D0D-F736-81A2-E0A159ED45EF}.Release|Any CPU.ActiveCfg = Release|Any CPU
		{33859320-1D0D-F736-81A2-E0A159ED45EF}.Release|Any CPU.Build.0 = Release|Any CPU
		{7590473A-E146-0401-48E3-8EEA7DF85038}.Debug|Any CPU.ActiveCfg = Debug|Any CPU
		{7590473A-E146-0401-48E3-8EEA7DF85038}.Debug|Any CPU.Build.0 = Debug|Any CPU
		{7590473A-E146-0401-48E3-8EEA7DF85038}.Release|Any CPU.ActiveCfg = Release|Any CPU
		{7590473A-E146-0401-48E3-8EEA7DF85038}.Release|Any CPU.Build.0 = Release|Any CPU
		{B4A0D650-9344-2181-2486-F0085C689D5E}.Debug|Any CPU.ActiveCfg = Debug|Any CPU
		{B4A0D650-9344-2181-2486-F0085C689D5E}.Debug|Any CPU.Build.0 = Debug|Any CPU
		{B4A0D650-9344-2181-2486-F0085C689D5E}.Release|Any CPU.ActiveCfg = Release|Any CPU
		{B4A0D650-9344-2181-2486-F0085C689D5E}.Release|Any CPU.Build.0 = Release|Any CPU
		{651E2E8D-8F72-E486-6ADF-9FA30262747E}.Debug|Any CPU.ActiveCfg = Debug|Any CPU
		{651E2E8D-8F72-E486-6ADF-9FA30262747E}.Debug|Any CPU.Build.0 = Debug|Any CPU
		{651E2E8D-8F72-E486-6ADF-9FA30262747E}.Release|Any CPU.ActiveCfg = Release|Any CPU
		{651E2E8D-8F72-E486-6ADF-9FA30262747E}.Release|Any CPU.Build.0 = Release|Any CPU
		{AE4F52E3-46EC-A107-505B-413B026ABA16}.Debug|Any CPU.ActiveCfg = Debug|Any CPU
		{AE4F52E3-46EC-A107-505B-413B026ABA16}.Debug|Any CPU.Build.0 = Debug|Any CPU
		{AE4F52E3-46EC-A107-505B-413B026ABA16}.Release|Any CPU.ActiveCfg = Release|Any CPU
		{AE4F52E3-46EC-A107-505B-413B026ABA16}.Release|Any CPU.Build.0 = Release|Any CPU
		{AA2CCE28-0BC7-8F30-8EAB-605AD8E988C2}.Debug|Any CPU.ActiveCfg = Debug|Any CPU
		{AA2CCE28-0BC7-8F30-8EAB-605AD8E988C2}.Debug|Any CPU.Build.0 = Debug|Any CPU
		{AA2CCE28-0BC7-8F30-8EAB-605AD8E988C2}.Release|Any CPU.ActiveCfg = Release|Any CPU
		{AA2CCE28-0BC7-8F30-8EAB-605AD8E988C2}.Release|Any CPU.Build.0 = Release|Any CPU
		{5E330F37-9138-193A-E022-0A1356721A0A}.Debug|Any CPU.ActiveCfg = Debug|Any CPU
		{5E330F37-9138-193A-E022-0A1356721A0A}.Debug|Any CPU.Build.0 = Debug|Any CPU
		{5E330F37-9138-193A-E022-0A1356721A0A}.Release|Any CPU.ActiveCfg = Release|Any CPU
		{5E330F37-9138-193A-E022-0A1356721A0A}.Release|Any CPU.Build.0 = Release|Any CPU
		{5E60CA05-7413-10AE-345D-75F3F65142D1}.Debug|Any CPU.ActiveCfg = Debug|Any CPU
		{5E60CA05-7413-10AE-345D-75F3F65142D1}.Debug|Any CPU.Build.0 = Debug|Any CPU
		{5E60CA05-7413-10AE-345D-75F3F65142D1}.Release|Any CPU.ActiveCfg = Release|Any CPU
		{5E60CA05-7413-10AE-345D-75F3F65142D1}.Release|Any CPU.Build.0 = Release|Any CPU
		{3C304215-9CD8-6DC4-E007-A70D86BD298C}.Debug|Any CPU.ActiveCfg = Debug|Any CPU
		{3C304215-9CD8-6DC4-E007-A70D86BD298C}.Debug|Any CPU.Build.0 = Debug|Any CPU
		{3C304215-9CD8-6DC4-E007-A70D86BD298C}.Release|Any CPU.ActiveCfg = Release|Any CPU
		{3C304215-9CD8-6DC4-E007-A70D86BD298C}.Release|Any CPU.Build.0 = Release|Any CPU
		{C83D8325-0C56-0661-4D89-91C0A00A40D3}.Debug|Any CPU.ActiveCfg = Debug|Any CPU
		{C83D8325-0C56-0661-4D89-91C0A00A40D3}.Debug|Any CPU.Build.0 = Debug|Any CPU
		{C83D8325-0C56-0661-4D89-91C0A00A40D3}.Release|Any CPU.ActiveCfg = Release|Any CPU
		{C83D8325-0C56-0661-4D89-91C0A00A40D3}.Release|Any CPU.Build.0 = Release|Any CPU
		{9113EDE1-E2B9-FAE0-A483-844FA3E6E8BE}.Debug|Any CPU.ActiveCfg = Debug|Any CPU
		{9113EDE1-E2B9-FAE0-A483-844FA3E6E8BE}.Debug|Any CPU.Build.0 = Debug|Any CPU
		{9113EDE1-E2B9-FAE0-A483-844FA3E6E8BE}.Release|Any CPU.ActiveCfg = Release|Any CPU
		{9113EDE1-E2B9-FAE0-A483-844FA3E6E8BE}.Release|Any CPU.Build.0 = Release|Any CPU
		{91A02F3C-3725-CDC9-514E-B8BF0DA9CF0C}.Debug|Any CPU.ActiveCfg = Debug|Any CPU
		{91A02F3C-3725-CDC9-514E-B8BF0DA9CF0C}.Debug|Any CPU.Build.0 = Debug|Any CPU
		{91A02F3C-3725-CDC9-514E-B8BF0DA9CF0C}.Release|Any CPU.ActiveCfg = Release|Any CPU
		{91A02F3C-3725-CDC9-514E-B8BF0DA9CF0C}.Release|Any CPU.Build.0 = Release|Any CPU
		{2DF357FA-A291-E7CC-4651-FC3A6D264C5B}.Debug|Any CPU.ActiveCfg = Debug|Any CPU
		{2DF357FA-A291-E7CC-4651-FC3A6D264C5B}.Debug|Any CPU.Build.0 = Debug|Any CPU
		{2DF357FA-A291-E7CC-4651-FC3A6D264C5B}.Release|Any CPU.ActiveCfg = Release|Any CPU
		{2DF357FA-A291-E7CC-4651-FC3A6D264C5B}.Release|Any CPU.Build.0 = Release|Any CPU
	EndGlobalSection
	GlobalSection(SolutionProperties) = preSolution
		HideSolutionNode = FALSE
	EndGlobalSection
EndGlobal
